
Microsoft Visual Studio Solution File, Format Version 12.00
# Visual Studio Version 16
VisualStudioVersion = 16.0.31129.286
MinimumVisualStudioVersion = 10.0.40219.1
Project("{9A19103F-16F7-4668-BE54-9A1E7A4F7556}") = "PurchaseForMe", "PurchaseForMe\PurchaseForMe.csproj", "{3A5707B1-43CA-41C9-BAA9-4647D51B623D}"
EndProject
Project("{9A19103F-16F7-4668-BE54-9A1E7A4F7556}") = "PurchaseForMe.Core", "PurchaseForMe.Core\PurchaseForMe.Core.csproj", "{7C1223DE-D58B-467D-B6A4-51FC08ABE560}"
EndProject
Project("{FAE04EC0-301F-11D3-BF4B-00C04F79EFBC}") = "PurchaseForMeService", "PurchaseForMeService\PurchaseForMeService.csproj", "{92C8B574-C315-4D2B-8BA4-28445BEE5419}"
EndProject
Global
	GlobalSection(SolutionConfigurationPlatforms) = preSolution
		Debug|Any CPU = Debug|Any CPU
		Release|Any CPU = Release|Any CPU
	EndGlobalSection
	GlobalSection(ProjectConfigurationPlatforms) = postSolution
		{3A5707B1-43CA-41C9-BAA9-4647D51B623D}.Debug|Any CPU.ActiveCfg = Debug|Any CPU
		{3A5707B1-43CA-41C9-BAA9-4647D51B623D}.Debug|Any CPU.Build.0 = Debug|Any CPU
		{3A5707B1-43CA-41C9-BAA9-4647D51B623D}.Release|Any CPU.ActiveCfg = Release|Any CPU
		{3A5707B1-43CA-41C9-BAA9-4647D51B623D}.Release|Any CPU.Build.0 = Release|Any CPU
		{7C1223DE-D58B-467D-B6A4-51FC08ABE560}.Debug|Any CPU.ActiveCfg = Debug|Any CPU
		{7C1223DE-D58B-467D-B6A4-51FC08ABE560}.Debug|Any CPU.Build.0 = Debug|Any CPU
		{7C1223DE-D58B-467D-B6A4-51FC08ABE560}.Release|Any CPU.ActiveCfg = Release|Any CPU
		{7C1223DE-D58B-467D-B6A4-51FC08ABE560}.Release|Any CPU.Build.0 = Release|Any CPU
		{92C8B574-C315-4D2B-8BA4-28445BEE5419}.Debug|Any CPU.ActiveCfg = Debug|Any CPU
		{92C8B574-C315-4D2B-8BA4-28445BEE5419}.Debug|Any CPU.Build.0 = Debug|Any CPU
		{92C8B574-C315-4D2B-8BA4-28445BEE5419}.Release|Any CPU.ActiveCfg = Release|Any CPU
		{92C8B574-C315-4D2B-8BA4-28445BEE5419}.Release|Any CPU.Build.0 = Release|Any CPU
	EndGlobalSection
	GlobalSection(SolutionProperties) = preSolution
		HideSolutionNode = FALSE
	EndGlobalSection
	GlobalSection(ExtensibilityGlobals) = postSolution
		SolutionGuid = {46B163BB-66A9-45A9-8CBD-DF42B145F552}
	EndGlobalSection
EndGlobal
